
Microsoft Visual Studio Solution File, Format Version 12.00
# Visual Studio Version 16
VisualStudioVersion = 16.0.30413.136
MinimumVisualStudioVersion = 10.0.40219.1
Project("{8BC9CEB8-8B4A-11D0-8D11-00A0C91BC942}") = "SumaNumero", "SumaNumero\SumaNumero.vcxproj", "{EB6B7E50-A62A-4070-BC33-78905E23386E}"
EndProject
Project("{8BC9CEB8-8B4A-11D0-8D11-00A0C91BC942}") = "EnterosMayorYMenor", "EnterosMayorYMenor\EnterosMayorYMenor.vcxproj", "{2120BEF6-B8E5-4B7E-9E3E-4C458856C455}"
EndProject
Project("{2150E333-8FDC-42A3-9474-1A3956D46DE8}") = "Semana1", "Semana1", "{396F81FA-F883-4C53-B64C-347E166CD000}"
EndProject
Project("{8BC9CEB8-8B4A-11D0-8D11-00A0C91BC942}") = "TablaCuadradosCubos", "TablaCuadradosCubos\TablaCuadradosCubos.vcxproj", "{15A1C8E9-856F-4A83-97C6-B6BE0F6A7427}"
EndProject
Project("{8BC9CEB8-8B4A-11D0-8D11-00A0C91BC942}") = "Palindromo", "Palindromo\Palindromo.vcxproj", "{67F1DACF-9BD9-4190-B825-C3EBCF348F6D}"
EndProject
Project("{8BC9CEB8-8B4A-11D0-8D11-00A0C91BC942}") = "BinarioADecimal", "BinarioADecimal\BinarioADecimal.vcxproj", "{707E6C70-7564-4C1C-8B35-162099567A06}"
EndProject
Project("{2150E333-8FDC-42A3-9474-1A3956D46DE8}") = "Semana2", "Semana2", "{1AD529E4-60E5-49B2-9EB4-7EA7DC3C5F9D}"
EndProject
Project("{8BC9CEB8-8B4A-11D0-8D11-00A0C91BC942}") = "Clase Cuenta", "Clase Cuenta\Clase Cuenta.vcxproj", "{65477111-38FA-4340-9AA9-D582A60B9064}"
EndProject
Project("{8BC9CEB8-8B4A-11D0-8D11-00A0C91BC942}") = "Clase Empleado", "Clase Empleado\Clase Empleado.vcxproj", "{32B73311-3B68-4475-B928-F978F648BD6E}"
EndProject
Project("{8BC9CEB8-8B4A-11D0-8D11-00A0C91BC942}") = "Clase Rectangulo", "Clase Rectangulo\Clase Rectangulo.vcxproj", "{DBAB3D60-02D9-47E0-A1B1-EB1F1D42C333}"
EndProject
Project("{2150E333-8FDC-42A3-9474-1A3956D46DE8}") = "Semana3", "Semana3", "{A00C0044-D8B2-40D6-8631-577BA59620A5}"
EndProject
Project("{8BC9CEB8-8B4A-11D0-8D11-00A0C91BC942}") = "EjemploClaseRacional", "EjemploClaseRacional\EjemploClaseRacional.vcxproj", "{E03E2306-A11F-49B2-9F72-41180A57555A}"
EndProject
Global
	GlobalSection(SolutionConfigurationPlatforms) = preSolution
		Debug|x64 = Debug|x64
		Debug|x86 = Debug|x86
		Release|x64 = Release|x64
		Release|x86 = Release|x86
	EndGlobalSection
	GlobalSection(ProjectConfigurationPlatforms) = postSolution
		{EB6B7E50-A62A-4070-BC33-78905E23386E}.Debug|x64.ActiveCfg = Debug|x64
		{EB6B7E50-A62A-4070-BC33-78905E23386E}.Debug|x64.Build.0 = Debug|x64
		{EB6B7E50-A62A-4070-BC33-78905E23386E}.Debug|x86.ActiveCfg = Debug|Win32
		{EB6B7E50-A62A-4070-BC33-78905E23386E}.Debug|x86.Build.0 = Debug|Win32
		{EB6B7E50-A62A-4070-BC33-78905E23386E}.Release|x64.ActiveCfg = Release|x64
		{EB6B7E50-A62A-4070-BC33-78905E23386E}.Release|x64.Build.0 = Release|x64
		{EB6B7E50-A62A-4070-BC33-78905E23386E}.Release|x86.ActiveCfg = Release|Win32
		{EB6B7E50-A62A-4070-BC33-78905E23386E}.Release|x86.Build.0 = Release|Win32
		{2120BEF6-B8E5-4B7E-9E3E-4C458856C455}.Debug|x64.ActiveCfg = Debug|x64
		{2120BEF6-B8E5-4B7E-9E3E-4C458856C455}.Debug|x64.Build.0 = Debug|x64
		{2120BEF6-B8E5-4B7E-9E3E-4C458856C455}.Debug|x86.ActiveCfg = Debug|Win32
		{2120BEF6-B8E5-4B7E-9E3E-4C458856C455}.Debug|x86.Build.0 = Debug|Win32
		{2120BEF6-B8E5-4B7E-9E3E-4C458856C455}.Release|x64.ActiveCfg = Release|x64
		{2120BEF6-B8E5-4B7E-9E3E-4C458856C455}.Release|x64.Build.0 = Release|x64
		{2120BEF6-B8E5-4B7E-9E3E-4C458856C455}.Release|x86.ActiveCfg = Release|Win32
		{2120BEF6-B8E5-4B7E-9E3E-4C458856C455}.Release|x86.Build.0 = Release|Win32
		{15A1C8E9-856F-4A83-97C6-B6BE0F6A7427}.Debug|x64.ActiveCfg = Debug|x64
		{15A1C8E9-856F-4A83-97C6-B6BE0F6A7427}.Debug|x64.Build.0 = Debug|x64
		{15A1C8E9-856F-4A83-97C6-B6BE0F6A7427}.Debug|x86.ActiveCfg = Debug|Win32
		{15A1C8E9-856F-4A83-97C6-B6BE0F6A7427}.Debug|x86.Build.0 = Debug|Win32
		{15A1C8E9-856F-4A83-97C6-B6BE0F6A7427}.Release|x64.ActiveCfg = Release|x64
		{15A1C8E9-856F-4A83-97C6-B6BE0F6A7427}.Release|x64.Build.0 = Release|x64
		{15A1C8E9-856F-4A83-97C6-B6BE0F6A7427}.Release|x86.ActiveCfg = Release|Win32
		{15A1C8E9-856F-4A83-97C6-B6BE0F6A7427}.Release|x86.Build.0 = Release|Win32
		{67F1DACF-9BD9-4190-B825-C3EBCF348F6D}.Debug|x64.ActiveCfg = Debug|x64
		{67F1DACF-9BD9-4190-B825-C3EBCF348F6D}.Debug|x64.Build.0 = Debug|x64
		{67F1DACF-9BD9-4190-B825-C3EBCF348F6D}.Debug|x86.ActiveCfg = Debug|Win32
		{67F1DACF-9BD9-4190-B825-C3EBCF348F6D}.Debug|x86.Build.0 = Debug|Win32
		{67F1DACF-9BD9-4190-B825-C3EBCF348F6D}.Release|x64.ActiveCfg = Release|x64
		{67F1DACF-9BD9-4190-B825-C3EBCF348F6D}.Release|x64.Build.0 = Release|x64
		{67F1DACF-9BD9-4190-B825-C3EBCF348F6D}.Release|x86.ActiveCfg = Release|Win32
		{67F1DACF-9BD9-4190-B825-C3EBCF348F6D}.Release|x86.Build.0 = Release|Win32
		{707E6C70-7564-4C1C-8B35-162099567A06}.Debug|x64.ActiveCfg = Debug|x64
		{707E6C70-7564-4C1C-8B35-162099567A06}.Debug|x64.Build.0 = Debug|x64
		{707E6C70-7564-4C1C-8B35-162099567A06}.Debug|x86.ActiveCfg = Debug|Win32
		{707E6C70-7564-4C1C-8B35-162099567A06}.Debug|x86.Build.0 = Debug|Win32
		{707E6C70-7564-4C1C-8B35-162099567A06}.Release|x64.ActiveCfg = Release|x64
		{707E6C70-7564-4C1C-8B35-162099567A06}.Release|x64.Build.0 = Release|x64
		{707E6C70-7564-4C1C-8B35-162099567A06}.Release|x86.ActiveCfg = Release|Win32
		{707E6C70-7564-4C1C-8B35-162099567A06}.Release|x86.Build.0 = Release|Win32
		{65477111-38FA-4340-9AA9-D582A60B9064}.Debug|x64.ActiveCfg = Debug|x64
		{65477111-38FA-4340-9AA9-D582A60B9064}.Debug|x64.Build.0 = Debug|x64
		{65477111-38FA-4340-9AA9-D582A60B9064}.Debug|x86.ActiveCfg = Debug|Win32
		{65477111-38FA-4340-9AA9-D582A60B9064}.Debug|x86.Build.0 = Debug|Win32
		{65477111-38FA-4340-9AA9-D582A60B9064}.Release|x64.ActiveCfg = Release|x64
		{65477111-38FA-4340-9AA9-D582A60B9064}.Release|x64.Build.0 = Release|x64
		{65477111-38FA-4340-9AA9-D582A60B9064}.Release|x86.ActiveCfg = Release|Win32
		{65477111-38FA-4340-9AA9-D582A60B9064}.Release|x86.Build.0 = Release|Win32
		{32B73311-3B68-4475-B928-F978F648BD6E}.Debug|x64.ActiveCfg = Debug|x64
		{32B73311-3B68-4475-B928-F978F648BD6E}.Debug|x64.Build.0 = Debug|x64
		{32B73311-3B68-4475-B928-F978F648BD6E}.Debug|x86.ActiveCfg = Debug|Win32
		{32B73311-3B68-4475-B928-F978F648BD6E}.Debug|x86.Build.0 = Debug|Win32
		{32B73311-3B68-4475-B928-F978F648BD6E}.Release|x64.ActiveCfg = Release|x64
		{32B73311-3B68-4475-B928-F978F648BD6E}.Release|x64.Build.0 = Release|x64
		{32B73311-3B68-4475-B928-F978F648BD6E}.Release|x86.ActiveCfg = Release|Win32
		{32B73311-3B68-4475-B928-F978F648BD6E}.Release|x86.Build.0 = Release|Win32
		{DBAB3D60-02D9-47E0-A1B1-EB1F1D42C333}.Debug|x64.ActiveCfg = Debug|x64
		{DBAB3D60-02D9-47E0-A1B1-EB1F1D42C333}.Debug|x64.Build.0 = Debug|x64
		{DBAB3D60-02D9-47E0-A1B1-EB1F1D42C333}.Debug|x86.ActiveCfg = Debug|Win32
		{DBAB3D60-02D9-47E0-A1B1-EB1F1D42C333}.Debug|x86.Build.0 = Debug|Win32
		{DBAB3D60-02D9-47E0-A1B1-EB1F1D42C333}.Release|x64.ActiveCfg = Release|x64
		{DBAB3D60-02D9-47E0-A1B1-EB1F1D42C333}.Release|x64.Build.0 = Release|x64
		{DBAB3D60-02D9-47E0-A1B1-EB1F1D42C333}.Release|x86.ActiveCfg = Release|Win32
		{DBAB3D60-02D9-47E0-A1B1-EB1F1D42C333}.Release|x86.Build.0 = Release|Win32
		{E03E2306-A11F-49B2-9F72-41180A57555A}.Debug|x64.ActiveCfg = Debug|x64
		{E03E2306-A11F-49B2-9F72-41180A57555A}.Debug|x64.Build.0 = Debug|x64
		{E03E2306-A11F-49B2-9F72-41180A57555A}.Debug|x86.ActiveCfg = Debug|Win32
		{E03E2306-A11F-49B2-9F72-41180A57555A}.Debug|x86.Build.0 = Debug|Win32
		{E03E2306-A11F-49B2-9F72-41180A57555A}.Release|x64.ActiveCfg = Release|x64
		{E03E2306-A11F-49B2-9F72-41180A57555A}.Release|x64.Build.0 = Release|x64
		{E03E2306-A11F-49B2-9F72-41180A57555A}.Release|x86.ActiveCfg = Release|Win32
		{E03E2306-A11F-49B2-9F72-41180A57555A}.Release|x86.Build.0 = Release|Win32
	EndGlobalSection
	GlobalSection(SolutionProperties) = preSolution
		HideSolutionNode = FALSE
	EndGlobalSection
	GlobalSection(NestedProjects) = preSolution
		{EB6B7E50-A62A-4070-BC33-78905E23386E} = {396F81FA-F883-4C53-B64C-347E166CD000}
		{2120BEF6-B8E5-4B7E-9E3E-4C458856C455} = {396F81FA-F883-4C53-B64C-347E166CD000}
		{15A1C8E9-856F-4A83-97C6-B6BE0F6A7427} = {396F81FA-F883-4C53-B64C-347E166CD000}
		{67F1DACF-9BD9-4190-B825-C3EBCF348F6D} = {396F81FA-F883-4C53-B64C-347E166CD000}
		{707E6C70-7564-4C1C-8B35-162099567A06} = {396F81FA-F883-4C53-B64C-347E166CD000}
		{65477111-38FA-4340-9AA9-D582A60B9064} = {1AD529E4-60E5-49B2-9EB4-7EA7DC3C5F9D}
		{32B73311-3B68-4475-B928-F978F648BD6E} = {1AD529E4-60E5-49B2-9EB4-7EA7DC3C5F9D}
		{DBAB3D60-02D9-47E0-A1B1-EB1F1D42C333} = {1AD529E4-60E5-49B2-9EB4-7EA7DC3C5F9D}
		{E03E2306-A11F-49B2-9F72-41180A57555A} = {A00C0044-D8B2-40D6-8631-577BA59620A5}
	EndGlobalSection
	GlobalSection(ExtensibilityGlobals) = postSolution
		SolutionGuid = {8E035182-90E9-4584-9E60-025C3D22A83E}
	EndGlobalSection
EndGlobal
